
Microsoft Visual Studio Solution File, Format Version 12.00
# Visual Studio Version 17
VisualStudioVersion = 17.4.33205.214
MinimumVisualStudioVersion = 10.0.40219.1
Project("{FAE04EC0-301F-11D3-BF4B-00C04F79EFBC}") = "TextToArray", "TextToArray\TextToArray.csproj", "{AE2E8CB0-2A09-4436-B3AC-31572D04E095}"
EndProject
Global
	GlobalSection(SolutionConfigurationPlatforms) = preSolution
		Debug|Any CPU = Debug|Any CPU
		Release|Any CPU = Release|Any CPU
	EndGlobalSection
	GlobalSection(ProjectConfigurationPlatforms) = postSolution
		{AE2E8CB0-2A09-4436-B3AC-31572D04E095}.Debug|Any CPU.ActiveCfg = Debug|Any CPU
		{AE2E8CB0-2A09-4436-B3AC-31572D04E095}.Debug|Any CPU.Build.0 = Debug|Any CPU
		{AE2E8CB0-2A09-4436-B3AC-31572D04E095}.Release|Any CPU.ActiveCfg = Release|Any CPU
		{AE2E8CB0-2A09-4436-B3AC-31572D04E095}.Release|Any CPU.Build.0 = Release|Any CPU
	EndGlobalSection
	GlobalSection(SolutionProperties) = preSolution
		HideSolutionNode = FALSE
	EndGlobalSection
	GlobalSection(ExtensibilityGlobals) = postSolution
		SolutionGuid = {3DCBCAEC-C17F-4256-A486-7E130CC306F4}
	EndGlobalSection
EndGlobal
